
Microsoft Visual Studio Solution File, Format Version 12.00
# Visual Studio Version 16
VisualStudioVersion = 16.0.29306.81
MinimumVisualStudioVersion = 10.0.40219.1
Project("{FAE04EC0-301F-11D3-BF4B-00C04F79EFBC}") = "WFA191010MF", "WFA191010MF\WFA191010MF.csproj", "{D90B5AED-B7AE-4EA5-B704-4A7730771705}"
EndProject
Global
	GlobalSection(SolutionConfigurationPlatforms) = preSolution
		Debug|Any CPU = Debug|Any CPU
		Release|Any CPU = Release|Any CPU
	EndGlobalSection
	GlobalSection(ProjectConfigurationPlatforms) = postSolution
		{D90B5AED-B7AE-4EA5-B704-4A7730771705}.Debug|Any CPU.ActiveCfg = Debug|Any CPU
		{D90B5AED-B7AE-4EA5-B704-4A7730771705}.Debug|Any CPU.Build.0 = Debug|Any CPU
		{D90B5AED-B7AE-4EA5-B704-4A7730771705}.Release|Any CPU.ActiveCfg = Release|Any CPU
		{D90B5AED-B7AE-4EA5-B704-4A7730771705}.Release|Any CPU.Build.0 = Release|Any CPU
	EndGlobalSection
	GlobalSection(SolutionProperties) = preSolution
		HideSolutionNode = FALSE
	EndGlobalSection
	GlobalSection(ExtensibilityGlobals) = postSolution
		SolutionGuid = {902321C6-8C91-4689-BBB9-E77710611A60}
	EndGlobalSection
EndGlobal
